<Solution>
  <Configurations>
    <Platform Name="Any CPU" />
    <Platform Name="x64" />
    <Platform Name="x86" />
  </Configurations>

  <Folder Name="/Solution Items/">

    <File Path="README.md" />
    <File Path="LICENSE" />
    <File Path=".gitignore" />
    <File Path="Docs/Protocol.md" />
    
  </Folder>

  <Project Path="DebugConsoleApp/DebugConsoleApp.csproj" Id="d85bacf5-c8f4-48b6-8eb3-f65d414152d2" />
  <Project Path="Desktop/Desktop.csproj" Id="98c0e365-e2bf-4be0-87ec-31717cbcd7bf" />
  <Project Path="EmbeDebInterpreter/EmbeDebInterpreter.csproj" />
  <Project Path="Examples/DebuggingProvider/ExampleDebuggingProvider.csproj" Id="6d493422-93f3-4fb7-af7b-e714f0e5684a" />
</Solution>
